// !$*UTF8*$!
{
	archiveVersion = 1;
	classes = {
	};
	objectVersion = 55;
	objects = {

/* Begin PBXBuildFile section */
		5C0AB02B28F2E88700933EDE /* CustomButton.swift in Sources */ = {isa = PBXBuildFile; fileRef = 5C0AB02A28F2E88700933EDE /* CustomButton.swift */; };
		5C0AB02D28F2F42900933EDE /* FeedModel.swift in Sources */ = {isa = PBXBuildFile; fileRef = 5C0AB02C28F2F42900933EDE /* FeedModel.swift */; };
		5C0CD3F128844245001040AA /* ProfileTableHederView.swift in Sources */ = {isa = PBXBuildFile; fileRef = 5C0CD3F028844245001040AA /* ProfileTableHederView.swift */; };
		5C0CD3F3288442FD001040AA /* PostTableViewCell.swift in Sources */ = {isa = PBXBuildFile; fileRef = 5C0CD3F2288442FD001040AA /* PostTableViewCell.swift */; };
		5C17457228EC24CE00FAE575 /* Checker.swift in Sources */ = {isa = PBXBuildFile; fileRef = 5C17457128EC24CE00FAE575 /* Checker.swift */; };
		5C17457428EC270900FAE575 /* LoginViewControllerDelegateProtocol.swift in Sources */ = {isa = PBXBuildFile; fileRef = 5C17457328EC270900FAE575 /* LoginViewControllerDelegateProtocol.swift */; };
		5C17457628EC271500FAE575 /* LoginInspector.swift in Sources */ = {isa = PBXBuildFile; fileRef = 5C17457528EC271500FAE575 /* LoginInspector.swift */; };
		5C17457828EC2D3900FAE575 /* LoginFactoryProtocol.swift in Sources */ = {isa = PBXBuildFile; fileRef = 5C17457728EC2D3900FAE575 /* LoginFactoryProtocol.swift */; };
		5C17457A28EC2D8000FAE575 /* LoginFactory.swift in Sources */ = {isa = PBXBuildFile; fileRef = 5C17457928EC2D8000FAE575 /* LoginFactory.swift */; };
		5C6165B729181F18000DAEEB /* LoginCoordinator.swift in Sources */ = {isa = PBXBuildFile; fileRef = 5C6165B629181F18000DAEEB /* LoginCoordinator.swift */; };
		5C7D1D882847F9A500B71858 /* AppDelegate.swift in Sources */ = {isa = PBXBuildFile; fileRef = 5C7D1D872847F9A500B71858 /* AppDelegate.swift */; };
		5C7D1D8A2847F9A500B71858 /* SceneDelegate.swift in Sources */ = {isa = PBXBuildFile; fileRef = 5C7D1D892847F9A500B71858 /* SceneDelegate.swift */; };
		5C7D1D8C2847F9A500B71858 /* ViewController.swift in Sources */ = {isa = PBXBuildFile; fileRef = 5C7D1D8B2847F9A500B71858 /* ViewController.swift */; };
		5C7D1D912847F9A600B71858 /* Assets.xcassets in Resources */ = {isa = PBXBuildFile; fileRef = 5C7D1D902847F9A600B71858 /* Assets.xcassets */; };
		5C7D1D942847F9A600B71858 /* LaunchScreen.storyboard in Resources */ = {isa = PBXBuildFile; fileRef = 5C7D1D922847F9A600B71858 /* LaunchScreen.storyboard */; };
		5C7D1D9C2847FA3D00B71858 /* FeedViewController.swift in Sources */ = {isa = PBXBuildFile; fileRef = 5C7D1D9B2847FA3D00B71858 /* FeedViewController.swift */; };
		5C7D1D9F2847FA7100B71858 /* InfoViewController.swift in Sources */ = {isa = PBXBuildFile; fileRef = 5C7D1D9E2847FA7100B71858 /* InfoViewController.swift */; };
		5C7D1DA32847FAB600B71858 /* PostViewController.swift in Sources */ = {isa = PBXBuildFile; fileRef = 5C7D1DA22847FAB600B71858 /* PostViewController.swift */; };
		5C7D1DA62847FADB00B71858 /* ProfileViewController.swift in Sources */ = {isa = PBXBuildFile; fileRef = 5C7D1DA52847FADB00B71858 /* ProfileViewController.swift */; };
		5C7D1DAA284802F300B71858 /* LoginViewController.swift in Sources */ = {isa = PBXBuildFile; fileRef = 5C7D1DA9284802F300B71858 /* LoginViewController.swift */; };
		5CA7CA8728A2AF160013249C /* ViewModel.swift in Sources */ = {isa = PBXBuildFile; fileRef = 5CA7CA8628A2AF160013249C /* ViewModel.swift */; };
		5CA7CA8928A2B2760013249C /* MockedPostsList.swift in Sources */ = {isa = PBXBuildFile; fileRef = 5CA7CA8828A2B2760013249C /* MockedPostsList.swift */; };
		5CA7CA8C28A2B7900013249C /* PhotosTableViewCell.swift in Sources */ = {isa = PBXBuildFile; fileRef = 5CA7CA8B28A2B7900013249C /* PhotosTableViewCell.swift */; };
		5CAE8106294C486700C34A4B /* NetworkService.swift in Sources */ = {isa = PBXBuildFile; fileRef = 5CAE8105294C486700C34A4B /* NetworkService.swift */; };
		5CB2A0F728BD19CE00CE1618 /* PhotosCollectionViewCell.swift in Sources */ = {isa = PBXBuildFile; fileRef = 5CB2A0F628BD19CE00CE1618 /* PhotosCollectionViewCell.swift */; };
		5CB2A0F928BD1B3500CE1618 /* PhotosViewController.swift in Sources */ = {isa = PBXBuildFile; fileRef = 5CB2A0F828BD1B3500CE1618 /* PhotosViewController.swift */; };
		5CB2A0FB28BD1B9D00CE1618 /* PhotosViewModel.swift in Sources */ = {isa = PBXBuildFile; fileRef = 5CB2A0FA28BD1B9D00CE1618 /* PhotosViewModel.swift */; };
		5CC2A6F128EC450D00E10BDD /* iOSIntPackage in Frameworks */ = {isa = PBXBuildFile; productRef = 5CC2A6F028EC450D00E10BDD /* iOSIntPackage */; };
		5CD4DAA528E44D9B00D1C864 /* StorageService.h in Headers */ = {isa = PBXBuildFile; fileRef = 5CD4DAA428E44D9B00D1C864 /* StorageService.h */; settings = {ATTRIBUTES = (Public, ); }; };
		5CD4DAA828E44D9B00D1C864 /* StorageService.framework in Frameworks */ = {isa = PBXBuildFile; fileRef = 5CD4DAA228E44D9B00D1C864 /* StorageService.framework */; };
		5CD4DAA928E44D9B00D1C864 /* StorageService.framework in Embed Frameworks */ = {isa = PBXBuildFile; fileRef = 5CD4DAA228E44D9B00D1C864 /* StorageService.framework */; settings = {ATTRIBUTES = (CodeSignOnCopy, RemoveHeadersOnCopy, ); }; };
		5CD4DAAE28E44DD700D1C864 /* Post.swift in Sources */ = {isa = PBXBuildFile; fileRef = 5C7D1DA02847FA9900B71858 /* Post.swift */; };
		5CEC3DB32902D4FD00FA7212 /* CoordinatorProtocol.swift in Sources */ = {isa = PBXBuildFile; fileRef = 5CEC3DB22902D4FD00FA7212 /* CoordinatorProtocol.swift */; };
		5CEC3DB52902D55000FA7212 /* TabBarCoordinatorProtocol.swift in Sources */ = {isa = PBXBuildFile; fileRef = 5CEC3DB42902D55000FA7212 /* TabBarCoordinatorProtocol.swift */; };
		5CEC3DB72902D60B00FA7212 /* FeedCoordinator.swift in Sources */ = {isa = PBXBuildFile; fileRef = 5CEC3DB62902D60B00FA7212 /* FeedCoordinator.swift */; };
		5CEC3DB92902D71000FA7212 /* ProfileCoordinator.swift in Sources */ = {isa = PBXBuildFile; fileRef = 5CEC3DB82902D71000FA7212 /* ProfileCoordinator.swift */; };
		5CEC3DBB2902D7AD00FA7212 /* TabBarCoordinator.swift in Sources */ = {isa = PBXBuildFile; fileRef = 5CEC3DBA2902D7AD00FA7212 /* TabBarCoordinator.swift */; };
		5CEC3DBD2902D9EA00FA7212 /* LoginViewModel.swift in Sources */ = {isa = PBXBuildFile; fileRef = 5CEC3DBC2902D9EA00FA7212 /* LoginViewModel.swift */; };
		5CEC3DC1290536D000FA7212 /* PhotoCoordinator.swift in Sources */ = {isa = PBXBuildFile; fileRef = 5CEC3DC0290536D000FA7212 /* PhotoCoordinator.swift */; };
		5CEC3DC42905372300FA7212 /* ProfileViewModel.swift in Sources */ = {isa = PBXBuildFile; fileRef = 5CEC3DC32905372300FA7212 /* ProfileViewModel.swift */; };
		5CEC40DD28E9AD36007A6938 /* User.swift in Sources */ = {isa = PBXBuildFile; fileRef = 5CEC40DC28E9AD36007A6938 /* User.swift */; };
		5CEC40E028E9AF69007A6938 /* UserServiceProtocol.swift in Sources */ = {isa = PBXBuildFile; fileRef = 5CEC40DF28E9AF69007A6938 /* UserServiceProtocol.swift */; };
		5CEC40E228E9AFB7007A6938 /* CurrentUserService.swift in Sources */ = {isa = PBXBuildFile; fileRef = 5CEC40E128E9AFB7007A6938 /* CurrentUserService.swift */; };
		5CEC40E728E9B09A007A6938 /* TestUserService.swift in Sources */ = {isa = PBXBuildFile; fileRef = 5CEC40E628E9B09A007A6938 /* TestUserService.swift */; };
		5CEC40E928E9B1F1007A6938 /* UserRepository.swift in Sources */ = {isa = PBXBuildFile; fileRef = 5CEC40E828E9B1F1007A6938 /* UserRepository.swift */; };
		5CEC40EB28E9B3C2007A6938 /* UserRepositoryProtocol.swift in Sources */ = {isa = PBXBuildFile; fileRef = 5CEC40EA28E9B3C2007A6938 /* UserRepositoryProtocol.swift */; };
		5CEC40ED28E9B42A007A6938 /* TestUserRepository.swift in Sources */ = {isa = PBXBuildFile; fileRef = 5CEC40EC28E9B42A007A6938 /* TestUserRepository.swift */; };
/* End PBXBuildFile section */

/* Begin PBXContainerItemProxy section */
		5CD4DAA628E44D9B00D1C864 /* PBXContainerItemProxy */ = {
			isa = PBXContainerItemProxy;
			containerPortal = 5C7D1D7C2847F9A500B71858 /* Project object */;
			proxyType = 1;
			remoteGlobalIDString = 5CD4DAA128E44D9B00D1C864;
			remoteInfo = StorageService;
		};
/* End PBXContainerItemProxy section */

/* Begin PBXCopyFilesBuildPhase section */
		5CD4DAAA28E44D9B00D1C864 /* Embed Frameworks */ = {
			isa = PBXCopyFilesBuildPhase;
			buildActionMask = 2147483647;
			dstPath = "";
			dstSubfolderSpec = 10;
			files = (
				5CD4DAA928E44D9B00D1C864 /* StorageService.framework in Embed Frameworks */,
			);
			name = "Embed Frameworks";
			runOnlyForDeploymentPostprocessing = 0;
		};
/* End PBXCopyFilesBuildPhase section */

/* Begin PBXFileReference section */
		5C0AB02A28F2E88700933EDE /* CustomButton.swift */ = {isa = PBXFileReference; lastKnownFileType = sourcecode.swift; path = CustomButton.swift; sourceTree = "<group>"; };
		5C0AB02C28F2F42900933EDE /* FeedModel.swift */ = {isa = PBXFileReference; lastKnownFileType = sourcecode.swift; path = FeedModel.swift; sourceTree = "<group>"; };
		5C0CD3F028844245001040AA /* ProfileTableHederView.swift */ = {isa = PBXFileReference; lastKnownFileType = sourcecode.swift; path = ProfileTableHederView.swift; sourceTree = "<group>"; };
		5C0CD3F2288442FD001040AA /* PostTableViewCell.swift */ = {isa = PBXFileReference; lastKnownFileType = sourcecode.swift; path = PostTableViewCell.swift; sourceTree = "<group>"; };
		5C17457128EC24CE00FAE575 /* Checker.swift */ = {isa = PBXFileReference; lastKnownFileType = sourcecode.swift; path = Checker.swift; sourceTree = "<group>"; };
		5C17457328EC270900FAE575 /* LoginViewControllerDelegateProtocol.swift */ = {isa = PBXFileReference; lastKnownFileType = sourcecode.swift; path = LoginViewControllerDelegateProtocol.swift; sourceTree = "<group>"; };
		5C17457528EC271500FAE575 /* LoginInspector.swift */ = {isa = PBXFileReference; lastKnownFileType = sourcecode.swift; path = LoginInspector.swift; sourceTree = "<group>"; };
		5C17457728EC2D3900FAE575 /* LoginFactoryProtocol.swift */ = {isa = PBXFileReference; lastKnownFileType = sourcecode.swift; path = LoginFactoryProtocol.swift; sourceTree = "<group>"; };
		5C17457928EC2D8000FAE575 /* LoginFactory.swift */ = {isa = PBXFileReference; lastKnownFileType = sourcecode.swift; path = LoginFactory.swift; sourceTree = "<group>"; };
		5C6165B629181F18000DAEEB /* LoginCoordinator.swift */ = {isa = PBXFileReference; lastKnownFileType = sourcecode.swift; path = LoginCoordinator.swift; sourceTree = "<group>"; };
		5C7D1D842847F9A500B71858 /* ios-navigation.app */ = {isa = PBXFileReference; explicitFileType = wrapper.application; includeInIndex = 0; path = "ios-navigation.app"; sourceTree = BUILT_PRODUCTS_DIR; };
		5C7D1D872847F9A500B71858 /* AppDelegate.swift */ = {isa = PBXFileReference; lastKnownFileType = sourcecode.swift; path = AppDelegate.swift; sourceTree = "<group>"; };
		5C7D1D892847F9A500B71858 /* SceneDelegate.swift */ = {isa = PBXFileReference; lastKnownFileType = sourcecode.swift; path = SceneDelegate.swift; sourceTree = "<group>"; };
		5C7D1D8B2847F9A500B71858 /* ViewController.swift */ = {isa = PBXFileReference; lastKnownFileType = sourcecode.swift; path = ViewController.swift; sourceTree = "<group>"; };
		5C7D1D902847F9A600B71858 /* Assets.xcassets */ = {isa = PBXFileReference; lastKnownFileType = folder.assetcatalog; path = Assets.xcassets; sourceTree = "<group>"; };
		5C7D1D932847F9A600B71858 /* Base */ = {isa = PBXFileReference; lastKnownFileType = file.storyboard; name = Base; path = Base.lproj/LaunchScreen.storyboard; sourceTree = "<group>"; };
		5C7D1D952847F9A600B71858 /* Info.plist */ = {isa = PBXFileReference; lastKnownFileType = text.plist.xml; path = Info.plist; sourceTree = "<group>"; };
		5C7D1D9B2847FA3D00B71858 /* FeedViewController.swift */ = {isa = PBXFileReference; lastKnownFileType = sourcecode.swift; path = FeedViewController.swift; sourceTree = "<group>"; };
		5C7D1D9E2847FA7100B71858 /* InfoViewController.swift */ = {isa = PBXFileReference; lastKnownFileType = sourcecode.swift; path = InfoViewController.swift; sourceTree = "<group>"; };
		5C7D1DA02847FA9900B71858 /* Post.swift */ = {isa = PBXFileReference; lastKnownFileType = sourcecode.swift; path = Post.swift; sourceTree = "<group>"; };
		5C7D1DA22847FAB600B71858 /* PostViewController.swift */ = {isa = PBXFileReference; lastKnownFileType = sourcecode.swift; path = PostViewController.swift; sourceTree = "<group>"; };
		5C7D1DA52847FADB00B71858 /* ProfileViewController.swift */ = {isa = PBXFileReference; lastKnownFileType = sourcecode.swift; path = ProfileViewController.swift; sourceTree = "<group>"; };
		5C7D1DA9284802F300B71858 /* LoginViewController.swift */ = {isa = PBXFileReference; lastKnownFileType = sourcecode.swift; path = LoginViewController.swift; sourceTree = "<group>"; };
		5CA7CA8628A2AF160013249C /* ViewModel.swift */ = {isa = PBXFileReference; lastKnownFileType = sourcecode.swift; path = ViewModel.swift; sourceTree = "<group>"; };
		5CA7CA8828A2B2760013249C /* MockedPostsList.swift */ = {isa = PBXFileReference; lastKnownFileType = sourcecode.swift; path = MockedPostsList.swift; sourceTree = "<group>"; };
		5CA7CA8B28A2B7900013249C /* PhotosTableViewCell.swift */ = {isa = PBXFileReference; lastKnownFileType = sourcecode.swift; path = PhotosTableViewCell.swift; sourceTree = "<group>"; };
		5CAE8105294C486700C34A4B /* NetworkService.swift */ = {isa = PBXFileReference; lastKnownFileType = sourcecode.swift; path = NetworkService.swift; sourceTree = "<group>"; };
		5CB2A0F628BD19CE00CE1618 /* PhotosCollectionViewCell.swift */ = {isa = PBXFileReference; lastKnownFileType = sourcecode.swift; path = PhotosCollectionViewCell.swift; sourceTree = "<group>"; };
		5CB2A0F828BD1B3500CE1618 /* PhotosViewController.swift */ = {isa = PBXFileReference; lastKnownFileType = sourcecode.swift; path = PhotosViewController.swift; sourceTree = "<group>"; };
		5CB2A0FA28BD1B9D00CE1618 /* PhotosViewModel.swift */ = {isa = PBXFileReference; lastKnownFileType = sourcecode.swift; path = PhotosViewModel.swift; sourceTree = "<group>"; };
		5CD4DAA228E44D9B00D1C864 /* StorageService.framework */ = {isa = PBXFileReference; explicitFileType = wrapper.framework; includeInIndex = 0; path = StorageService.framework; sourceTree = BUILT_PRODUCTS_DIR; };
		5CD4DAA428E44D9B00D1C864 /* StorageService.h */ = {isa = PBXFileReference; lastKnownFileType = sourcecode.c.h; path = StorageService.h; sourceTree = "<group>"; };
		5CEC3DB22902D4FD00FA7212 /* CoordinatorProtocol.swift */ = {isa = PBXFileReference; lastKnownFileType = sourcecode.swift; path = CoordinatorProtocol.swift; sourceTree = "<group>"; };
		5CEC3DB42902D55000FA7212 /* TabBarCoordinatorProtocol.swift */ = {isa = PBXFileReference; lastKnownFileType = sourcecode.swift; path = TabBarCoordinatorProtocol.swift; sourceTree = "<group>"; };
		5CEC3DB62902D60B00FA7212 /* FeedCoordinator.swift */ = {isa = PBXFileReference; lastKnownFileType = sourcecode.swift; path = FeedCoordinator.swift; sourceTree = "<group>"; };
		5CEC3DB82902D71000FA7212 /* ProfileCoordinator.swift */ = {isa = PBXFileReference; lastKnownFileType = sourcecode.swift; path = ProfileCoordinator.swift; sourceTree = "<group>"; };
		5CEC3DBA2902D7AD00FA7212 /* TabBarCoordinator.swift */ = {isa = PBXFileReference; lastKnownFileType = sourcecode.swift; path = TabBarCoordinator.swift; sourceTree = "<group>"; };
		5CEC3DBC2902D9EA00FA7212 /* LoginViewModel.swift */ = {isa = PBXFileReference; lastKnownFileType = sourcecode.swift; path = LoginViewModel.swift; sourceTree = "<group>"; };
		5CEC3DC0290536D000FA7212 /* PhotoCoordinator.swift */ = {isa = PBXFileReference; lastKnownFileType = sourcecode.swift; path = PhotoCoordinator.swift; sourceTree = "<group>"; };
		5CEC3DC32905372300FA7212 /* ProfileViewModel.swift */ = {isa = PBXFileReference; lastKnownFileType = sourcecode.swift; path = ProfileViewModel.swift; sourceTree = "<group>"; };
		5CEC40DC28E9AD36007A6938 /* User.swift */ = {isa = PBXFileReference; lastKnownFileType = sourcecode.swift; path = User.swift; sourceTree = "<group>"; };
		5CEC40DF28E9AF69007A6938 /* UserServiceProtocol.swift */ = {isa = PBXFileReference; lastKnownFileType = sourcecode.swift; path = UserServiceProtocol.swift; sourceTree = "<group>"; };
		5CEC40E128E9AFB7007A6938 /* CurrentUserService.swift */ = {isa = PBXFileReference; lastKnownFileType = sourcecode.swift; path = CurrentUserService.swift; sourceTree = "<group>"; };
		5CEC40E628E9B09A007A6938 /* TestUserService.swift */ = {isa = PBXFileReference; lastKnownFileType = sourcecode.swift; path = TestUserService.swift; sourceTree = "<group>"; };
		5CEC40E828E9B1F1007A6938 /* UserRepository.swift */ = {isa = PBXFileReference; lastKnownFileType = sourcecode.swift; path = UserRepository.swift; sourceTree = "<group>"; };
		5CEC40EA28E9B3C2007A6938 /* UserRepositoryProtocol.swift */ = {isa = PBXFileReference; lastKnownFileType = sourcecode.swift; path = UserRepositoryProtocol.swift; sourceTree = "<group>"; };
		5CEC40EC28E9B42A007A6938 /* TestUserRepository.swift */ = {isa = PBXFileReference; lastKnownFileType = sourcecode.swift; path = TestUserRepository.swift; sourceTree = "<group>"; };
/* End PBXFileReference section */

/* Begin PBXFrameworksBuildPhase section */
		5C7D1D812847F9A500B71858 /* Frameworks */ = {
			isa = PBXFrameworksBuildPhase;
			buildActionMask = 2147483647;
			files = (
				5CD4DAA828E44D9B00D1C864 /* StorageService.framework in Frameworks */,
				5CC2A6F128EC450D00E10BDD /* iOSIntPackage in Frameworks */,
			);
			runOnlyForDeploymentPostprocessing = 0;
		};
		5CD4DA9F28E44D9B00D1C864 /* Frameworks */ = {
			isa = PBXFrameworksBuildPhase;
			buildActionMask = 2147483647;
			files = (
			);
			runOnlyForDeploymentPostprocessing = 0;
		};
/* End PBXFrameworksBuildPhase section */

/* Begin PBXGroup section */
		5C17457B28EC2E1500FAE575 /* Factory */ = {
			isa = PBXGroup;
			children = (
				5C17457728EC2D3900FAE575 /* LoginFactoryProtocol.swift */,
				5C17457928EC2D8000FAE575 /* LoginFactory.swift */,
			);
			path = Factory;
			sourceTree = "<group>";
		};
		5C7D1D7B2847F9A500B71858 = {
			isa = PBXGroup;
			children = (
				5C7D1D862847F9A500B71858 /* ios-navigation */,
				5CD4DAA328E44D9B00D1C864 /* StorageService */,
				5C7D1D852847F9A500B71858 /* Products */,
			);
			sourceTree = "<group>";
		};
		5C7D1D852847F9A500B71858 /* Products */ = {
			isa = PBXGroup;
			children = (
				5C7D1D842847F9A500B71858 /* ios-navigation.app */,
				5CD4DAA228E44D9B00D1C864 /* StorageService.framework */,
			);
			name = Products;
			sourceTree = "<group>";
		};
		5C7D1D862847F9A500B71858 /* ios-navigation */ = {
			isa = PBXGroup;
			children = (
				5CEC3DB12902D4EA00FA7212 /* Coordinator */,
				5C7D1DA42847FAD100B71858 /* Profile */,
				5C7D1D9D2847FA6600B71858 /* Post */,
				5C7D1D872847F9A500B71858 /* AppDelegate.swift */,
				5C7D1D892847F9A500B71858 /* SceneDelegate.swift */,
				5C7D1D8B2847F9A500B71858 /* ViewController.swift */,
				5C7D1D902847F9A600B71858 /* Assets.xcassets */,
				5C7D1D922847F9A600B71858 /* LaunchScreen.storyboard */,
				5C7D1D952847F9A600B71858 /* Info.plist */,
				5C7D1D9B2847FA3D00B71858 /* FeedViewController.swift */,
				5C0AB02A28F2E88700933EDE /* CustomButton.swift */,
				5C0AB02C28F2F42900933EDE /* FeedModel.swift */,
				5CAE8105294C486700C34A4B /* NetworkService.swift */,
			);
			path = "ios-navigation";
			sourceTree = "<group>";
		};
		5C7D1D9D2847FA6600B71858 /* Post */ = {
			isa = PBXGroup;
			children = (
				5C7D1D9E2847FA7100B71858 /* InfoViewController.swift */,
				5C7D1DA22847FAB600B71858 /* PostViewController.swift */,
				5C0CD3F2288442FD001040AA /* PostTableViewCell.swift */,
				5CA7CA8628A2AF160013249C /* ViewModel.swift */,
				5CA7CA8828A2B2760013249C /* MockedPostsList.swift */,
			);
			path = Post;
			sourceTree = "<group>";
		};
		5C7D1DA42847FAD100B71858 /* Profile */ = {
			isa = PBXGroup;
			children = (
				5CEC3DC22905371800FA7212 /* ViewModel */,
				5CEC40DE28E9AD4B007A6938 /* Auth */,
				5CA7CA8A28A2B7610013249C /* Photo */,
				5C7D1DA52847FADB00B71858 /* ProfileViewController.swift */,
				5C0CD3F028844245001040AA /* ProfileTableHederView.swift */,
			);
			path = Profile;
			sourceTree = "<group>";
		};
		5CA7CA8A28A2B7610013249C /* Photo */ = {
			isa = PBXGroup;
			children = (
				5CA7CA8B28A2B7900013249C /* PhotosTableViewCell.swift */,
				5CB2A0F628BD19CE00CE1618 /* PhotosCollectionViewCell.swift */,
				5CB2A0F828BD1B3500CE1618 /* PhotosViewController.swift */,
				5CB2A0FA28BD1B9D00CE1618 /* PhotosViewModel.swift */,
			);
			path = Photo;
			sourceTree = "<group>";
		};
		5CD4DAA328E44D9B00D1C864 /* StorageService */ = {
			isa = PBXGroup;
			children = (
				5C7D1DA02847FA9900B71858 /* Post.swift */,
				5CD4DAA428E44D9B00D1C864 /* StorageService.h */,
			);
			path = StorageService;
			sourceTree = "<group>";
		};
		5CEC3DB12902D4EA00FA7212 /* Coordinator */ = {
			isa = PBXGroup;
			children = (
				5CEC3DB22902D4FD00FA7212 /* CoordinatorProtocol.swift */,
				5CEC3DB42902D55000FA7212 /* TabBarCoordinatorProtocol.swift */,
				5CEC3DB62902D60B00FA7212 /* FeedCoordinator.swift */,
				5C6165B629181F18000DAEEB /* LoginCoordinator.swift */,
				5CEC3DB82902D71000FA7212 /* ProfileCoordinator.swift */,
				5CEC3DBA2902D7AD00FA7212 /* TabBarCoordinator.swift */,
				5CEC3DC0290536D000FA7212 /* PhotoCoordinator.swift */,
			);
			path = Coordinator;
			sourceTree = "<group>";
		};
		5CEC3DC22905371800FA7212 /* ViewModel */ = {
			isa = PBXGroup;
			children = (
				5CEC3DC32905372300FA7212 /* ProfileViewModel.swift */,
			);
			path = ViewModel;
			sourceTree = "<group>";
		};
		5CEC3DC8290537CD00FA7212 /* ViewModel */ = {
			isa = PBXGroup;
			children = (
				5CEC3DBC2902D9EA00FA7212 /* LoginViewModel.swift */,
			);
			path = ViewModel;
			sourceTree = "<group>";
		};
		5CEC40DE28E9AD4B007A6938 /* Auth */ = {
			isa = PBXGroup;
			children = (
				5CEC3DC8290537CD00FA7212 /* ViewModel */,
				5C17457B28EC2E1500FAE575 /* Factory */,
				5CEC40EE28E9B434007A6938 /* Repository */,
				5CEC40EF28E9B4D2007A6938 /* Service */,
				5C7D1DA9284802F300B71858 /* LoginViewController.swift */,
				5CEC40DC28E9AD36007A6938 /* User.swift */,
				5C17457128EC24CE00FAE575 /* Checker.swift */,
				5C17457328EC270900FAE575 /* LoginViewControllerDelegateProtocol.swift */,
				5C17457528EC271500FAE575 /* LoginInspector.swift */,
			);
			path = Auth;
			sourceTree = "<group>";
		};
		5CEC40EE28E9B434007A6938 /* Repository */ = {
			isa = PBXGroup;
			children = (
				5CEC40E828E9B1F1007A6938 /* UserRepository.swift */,
				5CEC40EA28E9B3C2007A6938 /* UserRepositoryProtocol.swift */,
				5CEC40EC28E9B42A007A6938 /* TestUserRepository.swift */,
			);
			path = Repository;
			sourceTree = "<group>";
		};
		5CEC40EF28E9B4D2007A6938 /* Service */ = {
			isa = PBXGroup;
			children = (
				5CEC40DF28E9AF69007A6938 /* UserServiceProtocol.swift */,
				5CEC40E128E9AFB7007A6938 /* CurrentUserService.swift */,
				5CEC40E628E9B09A007A6938 /* TestUserService.swift */,
			);
			path = Service;
			sourceTree = "<group>";
		};
/* End PBXGroup section */

/* Begin PBXHeadersBuildPhase section */
		5CD4DA9D28E44D9B00D1C864 /* Headers */ = {
			isa = PBXHeadersBuildPhase;
			buildActionMask = 2147483647;
			files = (
				5CD4DAA528E44D9B00D1C864 /* StorageService.h in Headers */,
			);
			runOnlyForDeploymentPostprocessing = 0;
		};
/* End PBXHeadersBuildPhase section */

/* Begin PBXNativeTarget section */
		5C7D1D832847F9A500B71858 /* ios-navigation */ = {
			isa = PBXNativeTarget;
			buildConfigurationList = 5C7D1D982847F9A600B71858 /* Build configuration list for PBXNativeTarget "ios-navigation" */;
			buildPhases = (
				5C7D1D802847F9A500B71858 /* Sources */,
				5C7D1D812847F9A500B71858 /* Frameworks */,
				5C7D1D822847F9A500B71858 /* Resources */,
				5CD4DAAA28E44D9B00D1C864 /* Embed Frameworks */,
			);
			buildRules = (
			);
			dependencies = (
				5CD4DAA728E44D9B00D1C864 /* PBXTargetDependency */,
			);
			name = "ios-navigation";
			packageProductDependencies = (
				5CC2A6F028EC450D00E10BDD /* iOSIntPackage */,
			);
			productName = "ios-navigation";
			productReference = 5C7D1D842847F9A500B71858 /* ios-navigation.app */;
			productType = "com.apple.product-type.application";
		};
		5CD4DAA128E44D9B00D1C864 /* StorageService */ = {
			isa = PBXNativeTarget;
			buildConfigurationList = 5CD4DAAD28E44D9B00D1C864 /* Build configuration list for PBXNativeTarget "StorageService" */;
			buildPhases = (
				5CD4DA9D28E44D9B00D1C864 /* Headers */,
				5CD4DA9E28E44D9B00D1C864 /* Sources */,
				5CD4DA9F28E44D9B00D1C864 /* Frameworks */,
				5CD4DAA028E44D9B00D1C864 /* Resources */,
			);
			buildRules = (
			);
			dependencies = (
			);
			name = StorageService;
			productName = StorageService;
			productReference = 5CD4DAA228E44D9B00D1C864 /* StorageService.framework */;
			productType = "com.apple.product-type.framework";
		};
/* End PBXNativeTarget section */

/* Begin PBXProject section */
		5C7D1D7C2847F9A500B71858 /* Project object */ = {
			isa = PBXProject;
			attributes = {
				BuildIndependentTargetsInParallel = 1;
				LastSwiftUpdateCheck = 1340;
				LastUpgradeCheck = 1340;
				TargetAttributes = {
					5C7D1D832847F9A500B71858 = {
						CreatedOnToolsVersion = 13.4;
					};
					5CD4DAA128E44D9B00D1C864 = {
						CreatedOnToolsVersion = 13.4;
					};
				};
			};
			buildConfigurationList = 5C7D1D7F2847F9A500B71858 /* Build configuration list for PBXProject "ios-navigation" */;
			compatibilityVersion = "Xcode 13.0";
			developmentRegion = en;
			hasScannedForEncodings = 0;
			knownRegions = (
				en,
				Base,
			);
			mainGroup = 5C7D1D7B2847F9A500B71858;
			packageReferences = (
				5CC2A6EF28EC450D00E10BDD /* XCRemoteSwiftPackageReference "iOSIntPackage" */,
			);
			productRefGroup = 5C7D1D852847F9A500B71858 /* Products */;
			projectDirPath = "";
			projectRoot = "";
			targets = (
				5C7D1D832847F9A500B71858 /* ios-navigation */,
				5CD4DAA128E44D9B00D1C864 /* StorageService */,
			);
		};
/* End PBXProject section */

/* Begin PBXResourcesBuildPhase section */
		5C7D1D822847F9A500B71858 /* Resources */ = {
			isa = PBXResourcesBuildPhase;
			buildActionMask = 2147483647;
			files = (
				5C7D1D942847F9A600B71858 /* LaunchScreen.storyboard in Resources */,
				5C7D1D912847F9A600B71858 /* Assets.xcassets in Resources */,
			);
			runOnlyForDeploymentPostprocessing = 0;
		};
		5CD4DAA028E44D9B00D1C864 /* Resources */ = {
			isa = PBXResourcesBuildPhase;
			buildActionMask = 2147483647;
			files = (
			);
			runOnlyForDeploymentPostprocessing = 0;
		};
/* End PBXResourcesBuildPhase section */

/* Begin PBXSourcesBuildPhase section */
		5C7D1D802847F9A500B71858 /* Sources */ = {
			isa = PBXSourcesBuildPhase;
			buildActionMask = 2147483647;
			files = (
				5C17457828EC2D3900FAE575 /* LoginFactoryProtocol.swift in Sources */,
				5CEC40EB28E9B3C2007A6938 /* UserRepositoryProtocol.swift in Sources */,
				5C7D1D8C2847F9A500B71858 /* ViewController.swift in Sources */,
				5CEC3DC1290536D000FA7212 /* PhotoCoordinator.swift in Sources */,
				5CEC3DBB2902D7AD00FA7212 /* TabBarCoordinator.swift in Sources */,
				5CEC3DB32902D4FD00FA7212 /* CoordinatorProtocol.swift in Sources */,
				5CEC3DB92902D71000FA7212 /* ProfileCoordinator.swift in Sources */,
				5CB2A0F928BD1B3500CE1618 /* PhotosViewController.swift in Sources */,
				5C0AB02B28F2E88700933EDE /* CustomButton.swift in Sources */,
				5C0CD3F128844245001040AA /* ProfileTableHederView.swift in Sources */,
				5CAE8106294C486700C34A4B /* NetworkService.swift in Sources */,
				5CEC3DB72902D60B00FA7212 /* FeedCoordinator.swift in Sources */,
				5C7D1D882847F9A500B71858 /* AppDelegate.swift in Sources */,
				5C0AB02D28F2F42900933EDE /* FeedModel.swift in Sources */,
				5CEC40E228E9AFB7007A6938 /* CurrentUserService.swift in Sources */,
				5CEC40ED28E9B42A007A6938 /* TestUserRepository.swift in Sources */,
				5C7D1DA32847FAB600B71858 /* PostViewController.swift in Sources */,
				5C7D1D9C2847FA3D00B71858 /* FeedViewController.swift in Sources */,
				5C6165B729181F18000DAEEB /* LoginCoordinator.swift in Sources */,
				5CB2A0FB28BD1B9D00CE1618 /* PhotosViewModel.swift in Sources */,
				5CEC40DD28E9AD36007A6938 /* User.swift in Sources */,
				5C17457428EC270900FAE575 /* LoginViewControllerDelegateProtocol.swift in Sources */,
				5CA7CA8928A2B2760013249C /* MockedPostsList.swift in Sources */,
				5C7D1D8A2847F9A500B71858 /* SceneDelegate.swift in Sources */,
				5C17457228EC24CE00FAE575 /* Checker.swift in Sources */,
				5CA7CA8C28A2B7900013249C /* PhotosTableViewCell.swift in Sources */,
				5C7D1DA62847FADB00B71858 /* ProfileViewController.swift in Sources */,
				5C17457A28EC2D8000FAE575 /* LoginFactory.swift in Sources */,
				5CEC40E728E9B09A007A6938 /* TestUserService.swift in Sources */,
				5C7D1DAA284802F300B71858 /* LoginViewController.swift in Sources */,
				5CB2A0F728BD19CE00CE1618 /* PhotosCollectionViewCell.swift in Sources */,
				5CEC40E028E9AF69007A6938 /* UserServiceProtocol.swift in Sources */,
				5CEC40E928E9B1F1007A6938 /* UserRepository.swift in Sources */,
				5CEC3DBD2902D9EA00FA7212 /* LoginViewModel.swift in Sources */,
				5CA7CA8728A2AF160013249C /* ViewModel.swift in Sources */,
				5CEC3DB52902D55000FA7212 /* TabBarCoordinatorProtocol.swift in Sources */,
				5C7D1D9F2847FA7100B71858 /* InfoViewController.swift in Sources */,
				5CEC3DC42905372300FA7212 /* ProfileViewModel.swift in Sources */,
				5C0CD3F3288442FD001040AA /* PostTableViewCell.swift in Sources */,
				5C17457628EC271500FAE575 /* LoginInspector.swift in Sources */,
			);
			runOnlyForDeploymentPostprocessing = 0;
		};
		5CD4DA9E28E44D9B00D1C864 /* Sources */ = {
			isa = PBXSourcesBuildPhase;
			buildActionMask = 2147483647;
			files = (
				5CD4DAAE28E44DD700D1C864 /* Post.swift in Sources */,
			);
			runOnlyForDeploymentPostprocessing = 0;
		};
/* End PBXSourcesBuildPhase section */

/* Begin PBXTargetDependency section */
		5CD4DAA728E44D9B00D1C864 /* PBXTargetDependency */ = {
			isa = PBXTargetDependency;
			target = 5CD4DAA128E44D9B00D1C864 /* StorageService */;
			targetProxy = 5CD4DAA628E44D9B00D1C864 /* PBXContainerItemProxy */;
		};
/* End PBXTargetDependency section */

/* Begin PBXVariantGroup section */
		5C7D1D922847F9A600B71858 /* LaunchScreen.storyboard */ = {
			isa = PBXVariantGroup;
			children = (
				5C7D1D932847F9A600B71858 /* Base */,
			);
			name = LaunchScreen.storyboard;
			sourceTree = "<group>";
		};
/* End PBXVariantGroup section */

/* Begin XCBuildConfiguration section */
		5C7D1D962847F9A600B71858 /* Debug */ = {
			isa = XCBuildConfiguration;
			buildSettings = {
				ALWAYS_SEARCH_USER_PATHS = NO;
				CLANG_ANALYZER_NONNULL = YES;
				CLANG_ANALYZER_NUMBER_OBJECT_CONVERSION = YES_AGGRESSIVE;
				CLANG_CXX_LANGUAGE_STANDARD = "gnu++17";
				CLANG_ENABLE_MODULES = YES;
				CLANG_ENABLE_OBJC_ARC = YES;
				CLANG_ENABLE_OBJC_WEAK = YES;
				CLANG_WARN_BLOCK_CAPTURE_AUTORELEASING = YES;
				CLANG_WARN_BOOL_CONVERSION = YES;
				CLANG_WARN_COMMA = YES;
				CLANG_WARN_CONSTANT_CONVERSION = YES;
				CLANG_WARN_DEPRECATED_OBJC_IMPLEMENTATIONS = YES;
				CLANG_WARN_DIRECT_OBJC_ISA_USAGE = YES_ERROR;
				CLANG_WARN_DOCUMENTATION_COMMENTS = YES;
				CLANG_WARN_EMPTY_BODY = YES;
				CLANG_WARN_ENUM_CONVERSION = YES;
				CLANG_WARN_INFINITE_RECURSION = YES;
				CLANG_WARN_INT_CONVERSION = YES;
				CLANG_WARN_NON_LITERAL_NULL_CONVERSION = YES;
				CLANG_WARN_OBJC_IMPLICIT_RETAIN_SELF = YES;
				CLANG_WARN_OBJC_LITERAL_CONVERSION = YES;
				CLANG_WARN_OBJC_ROOT_CLASS = YES_ERROR;
				CLANG_WARN_QUOTED_INCLUDE_IN_FRAMEWORK_HEADER = YES;
				CLANG_WARN_RANGE_LOOP_ANALYSIS = YES;
				CLANG_WARN_STRICT_PROTOTYPES = YES;
				CLANG_WARN_SUSPICIOUS_MOVE = YES;
				CLANG_WARN_UNGUARDED_AVAILABILITY = YES_AGGRESSIVE;
				CLANG_WARN_UNREACHABLE_CODE = YES;
				CLANG_WARN__DUPLICATE_METHOD_MATCH = YES;
				COPY_PHASE_STRIP = NO;
				DEBUG_INFORMATION_FORMAT = dwarf;
				ENABLE_STRICT_OBJC_MSGSEND = YES;
				ENABLE_TESTABILITY = YES;
				GCC_C_LANGUAGE_STANDARD = gnu11;
				GCC_DYNAMIC_NO_PIC = NO;
				GCC_NO_COMMON_BLOCKS = YES;
				GCC_OPTIMIZATION_LEVEL = 0;
				GCC_PREPROCESSOR_DEFINITIONS = (
					"DEBUG=1",
					"$(inherited)",
				);
				GCC_WARN_64_TO_32_BIT_CONVERSION = YES;
				GCC_WARN_ABOUT_RETURN_TYPE = YES_ERROR;
				GCC_WARN_UNDECLARED_SELECTOR = YES;
				GCC_WARN_UNINITIALIZED_AUTOS = YES_AGGRESSIVE;
				GCC_WARN_UNUSED_FUNCTION = YES;
				GCC_WARN_UNUSED_VARIABLE = YES;
				IPHONEOS_DEPLOYMENT_TARGET = 15.5;
				MTL_ENABLE_DEBUG_INFO = INCLUDE_SOURCE;
				MTL_FAST_MATH = YES;
				ONLY_ACTIVE_ARCH = YES;
				SDKROOT = iphoneos;
				SWIFT_ACTIVE_COMPILATION_CONDITIONS = DEBUG;
				SWIFT_OPTIMIZATION_LEVEL = "-Onone";
			};
			name = Debug;
		};
		5C7D1D972847F9A600B71858 /* Release */ = {
			isa = XCBuildConfiguration;
			buildSettings = {
				ALWAYS_SEARCH_USER_PATHS = NO;
				CLANG_ANALYZER_NONNULL = YES;
				CLANG_ANALYZER_NUMBER_OBJECT_CONVERSION = YES_AGGRESSIVE;
				CLANG_CXX_LANGUAGE_STANDARD = "gnu++17";
				CLANG_ENABLE_MODULES = YES;
				CLANG_ENABLE_OBJC_ARC = YES;
				CLANG_ENABLE_OBJC_WEAK = YES;
				CLANG_WARN_BLOCK_CAPTURE_AUTORELEASING = YES;
				CLANG_WARN_BOOL_CONVERSION = YES;
				CLANG_WARN_COMMA = YES;
				CLANG_WARN_CONSTANT_CONVERSION = YES;
				CLANG_WARN_DEPRECATED_OBJC_IMPLEMENTATIONS = YES;
				CLANG_WARN_DIRECT_OBJC_ISA_USAGE = YES_ERROR;
				CLANG_WARN_DOCUMENTATION_COMMENTS = YES;
				CLANG_WARN_EMPTY_BODY = YES;
				CLANG_WARN_ENUM_CONVERSION = YES;
				CLANG_WARN_INFINITE_RECURSION = YES;
				CLANG_WARN_INT_CONVERSION = YES;
				CLANG_WARN_NON_LITERAL_NULL_CONVERSION = YES;
				CLANG_WARN_OBJC_IMPLICIT_RETAIN_SELF = YES;
				CLANG_WARN_OBJC_LITERAL_CONVERSION = YES;
				CLANG_WARN_OBJC_ROOT_CLASS = YES_ERROR;
				CLANG_WARN_QUOTED_INCLUDE_IN_FRAMEWORK_HEADER = YES;
				CLANG_WARN_RANGE_LOOP_ANALYSIS = YES;
				CLANG_WARN_STRICT_PROTOTYPES = YES;
				CLANG_WARN_SUSPICIOUS_MOVE = YES;
				CLANG_WARN_UNGUARDED_AVAILABILITY = YES_AGGRESSIVE;
				CLANG_WARN_UNREACHABLE_CODE = YES;
				CLANG_WARN__DUPLICATE_METHOD_MATCH = YES;
				COPY_PHASE_STRIP = NO;
				DEBUG_INFORMATION_FORMAT = "dwarf-with-dsym";
				ENABLE_NS_ASSERTIONS = NO;
				ENABLE_STRICT_OBJC_MSGSEND = YES;
				GCC_C_LANGUAGE_STANDARD = gnu11;
				GCC_NO_COMMON_BLOCKS = YES;
				GCC_WARN_64_TO_32_BIT_CONVERSION = YES;
				GCC_WARN_ABOUT_RETURN_TYPE = YES_ERROR;
				GCC_WARN_UNDECLARED_SELECTOR = YES;
				GCC_WARN_UNINITIALIZED_AUTOS = YES_AGGRESSIVE;
				GCC_WARN_UNUSED_FUNCTION = YES;
				GCC_WARN_UNUSED_VARIABLE = YES;
				IPHONEOS_DEPLOYMENT_TARGET = 15.5;
				MTL_ENABLE_DEBUG_INFO = NO;
				MTL_FAST_MATH = YES;
				SDKROOT = iphoneos;
				SWIFT_COMPILATION_MODE = wholemodule;
				SWIFT_OPTIMIZATION_LEVEL = "-O";
				VALIDATE_PRODUCT = YES;
			};
			name = Release;
		};
		5C7D1D992847F9A600B71858 /* Debug */ = {
			isa = XCBuildConfiguration;
			buildSettings = {
				ALWAYS_EMBED_SWIFT_STANDARD_LIBRARIES = YES;
				ASSETCATALOG_COMPILER_APPICON_NAME = AppIcon;
				ASSETCATALOG_COMPILER_GLOBAL_ACCENT_COLOR_NAME = AccentColor;
				CODE_SIGN_STYLE = Automatic;
				CURRENT_PROJECT_VERSION = 1;
				DEVELOPMENT_TEAM = 2T7KKKP497;
				GENERATE_INFOPLIST_FILE = YES;
				INFOPLIST_FILE = "ios-navigation/Info.plist";
				INFOPLIST_KEY_UIApplicationSupportsIndirectInputEvents = YES;
				INFOPLIST_KEY_UILaunchStoryboardName = LaunchScreen;
				INFOPLIST_KEY_UISupportedInterfaceOrientations_iPad = "UIInterfaceOrientationPortrait UIInterfaceOrientationPortraitUpsideDown UIInterfaceOrientationLandscapeLeft UIInterfaceOrientationLandscapeRight";
				INFOPLIST_KEY_UISupportedInterfaceOrientations_iPhone = "UIInterfaceOrientationPortrait UIInterfaceOrientationLandscapeLeft UIInterfaceOrientationLandscapeRight";
				LD_RUNPATH_SEARCH_PATHS = (
					"$(inherited)",
					"@executable_path/Frameworks",
				);
				MARKETING_VERSION = 1.0;
				PRODUCT_BUNDLE_IDENTIFIER = "viktorovio.ios-navigation";
				PRODUCT_NAME = "$(TARGET_NAME)";
				SWIFT_EMIT_LOC_STRINGS = YES;
				SWIFT_VERSION = 5.0;
				TARGETED_DEVICE_FAMILY = "1,2";
			};
			name = Debug;
		};
		5C7D1D9A2847F9A600B71858 /* Release */ = {
			isa = XCBuildConfiguration;
			buildSettings = {
				ALWAYS_EMBED_SWIFT_STANDARD_LIBRARIES = YES;
				ASSETCATALOG_COMPILER_APPICON_NAME = AppIcon;
				ASSETCATALOG_COMPILER_GLOBAL_ACCENT_COLOR_NAME = AccentColor;
				CODE_SIGN_STYLE = Automatic;
				CURRENT_PROJECT_VERSION = 1;
				DEVELOPMENT_TEAM = 2T7KKKP497;
				GENERATE_INFOPLIST_FILE = YES;
				INFOPLIST_FILE = "ios-navigation/Info.plist";
				INFOPLIST_KEY_UIApplicationSupportsIndirectInputEvents = YES;
				INFOPLIST_KEY_UILaunchStoryboardName = LaunchScreen;
				INFOPLIST_KEY_UISupportedInterfaceOrientations_iPad = "UIInterfaceOrientationPortrait UIInterfaceOrientationPortraitUpsideDown UIInterfaceOrientationLandscapeLeft UIInterfaceOrientationLandscapeRight";
				INFOPLIST_KEY_UISupportedInterfaceOrientations_iPhone = "UIInterfaceOrientationPortrait UIInterfaceOrientationLandscapeLeft UIInterfaceOrientationLandscapeRight";
				LD_RUNPATH_SEARCH_PATHS = (
					"$(inherited)",
					"@executable_path/Frameworks",
				);
				MARKETING_VERSION = 1.0;
				PRODUCT_BUNDLE_IDENTIFIER = "viktorovio.ios-navigation";
				PRODUCT_NAME = "$(TARGET_NAME)";
				SWIFT_EMIT_LOC_STRINGS = YES;
				SWIFT_VERSION = 5.0;
				TARGETED_DEVICE_FAMILY = "1,2";
			};
			name = Release;
		};
		5CD4DAAB28E44D9B00D1C864 /* Debug */ = {
			isa = XCBuildConfiguration;
			buildSettings = {
				CODE_SIGN_STYLE = Automatic;
				CURRENT_PROJECT_VERSION = 1;
				DEFINES_MODULE = YES;
				DEVELOPMENT_TEAM = 2T7KKKP497;
				DYLIB_COMPATIBILITY_VERSION = 1;
				DYLIB_CURRENT_VERSION = 1;
				DYLIB_INSTALL_NAME_BASE = "@rpath";
				GENERATE_INFOPLIST_FILE = YES;
				INFOPLIST_KEY_NSHumanReadableCopyright = "";
				INSTALL_PATH = "$(LOCAL_LIBRARY_DIR)/Frameworks";
				LD_RUNPATH_SEARCH_PATHS = (
					"$(inherited)",
					"@executable_path/Frameworks",
					"@loader_path/Frameworks",
				);
				MARKETING_VERSION = 1.0;
				PRODUCT_BUNDLE_IDENTIFIER = viktorovio.StorageService;
				PRODUCT_NAME = "$(TARGET_NAME:c99extidentifier)";
				SKIP_INSTALL = YES;
				SWIFT_EMIT_LOC_STRINGS = YES;
				SWIFT_VERSION = 5.0;
				TARGETED_DEVICE_FAMILY = "1,2";
				VERSIONING_SYSTEM = "apple-generic";
				VERSION_INFO_PREFIX = "";
			};
			name = Debug;
		};
		5CD4DAAC28E44D9B00D1C864 /* Release */ = {
			isa = XCBuildConfiguration;
			buildSettings = {
				CODE_SIGN_STYLE = Automatic;
				CURRENT_PROJECT_VERSION = 1;
				DEFINES_MODULE = YES;
				DEVELOPMENT_TEAM = 2T7KKKP497;
				DYLIB_COMPATIBILITY_VERSION = 1;
				DYLIB_CURRENT_VERSION = 1;
				DYLIB_INSTALL_NAME_BASE = "@rpath";
				GENERATE_INFOPLIST_FILE = YES;
				INFOPLIST_KEY_NSHumanReadableCopyright = "";
				INSTALL_PATH = "$(LOCAL_LIBRARY_DIR)/Frameworks";
				LD_RUNPATH_SEARCH_PATHS = (
					"$(inherited)",
					"@executable_path/Frameworks",
					"@loader_path/Frameworks",
				);
				MARKETING_VERSION = 1.0;
				PRODUCT_BUNDLE_IDENTIFIER = viktorovio.StorageService;
				PRODUCT_NAME = "$(TARGET_NAME:c99extidentifier)";
				SKIP_INSTALL = YES;
				SWIFT_EMIT_LOC_STRINGS = YES;
				SWIFT_VERSION = 5.0;
				TARGETED_DEVICE_FAMILY = "1,2";
				VERSIONING_SYSTEM = "apple-generic";
				VERSION_INFO_PREFIX = "";
			};
			name = Release;
		};
/* End XCBuildConfiguration section */

/* Begin XCConfigurationList section */
		5C7D1D7F2847F9A500B71858 /* Build configuration list for PBXProject "ios-navigation" */ = {
			isa = XCConfigurationList;
			buildConfigurations = (
				5C7D1D962847F9A600B71858 /* Debug */,
				5C7D1D972847F9A600B71858 /* Release */,
			);
			defaultConfigurationIsVisible = 0;
			defaultConfigurationName = Release;
		};
		5C7D1D982847F9A600B71858 /* Build configuration list for PBXNativeTarget "ios-navigation" */ = {
			isa = XCConfigurationList;
			buildConfigurations = (
				5C7D1D992847F9A600B71858 /* Debug */,
				5C7D1D9A2847F9A600B71858 /* Release */,
			);
			defaultConfigurationIsVisible = 0;
			defaultConfigurationName = Release;
		};
		5CD4DAAD28E44D9B00D1C864 /* Build configuration list for PBXNativeTarget "StorageService" */ = {
			isa = XCConfigurationList;
			buildConfigurations = (
				5CD4DAAB28E44D9B00D1C864 /* Debug */,
				5CD4DAAC28E44D9B00D1C864 /* Release */,
			);
			defaultConfigurationIsVisible = 0;
			defaultConfigurationName = Release;
		};
/* End XCConfigurationList section */

/* Begin XCRemoteSwiftPackageReference section */
		5CC2A6EF28EC450D00E10BDD /* XCRemoteSwiftPackageReference "iOSIntPackage" */ = {
			isa = XCRemoteSwiftPackageReference;
			repositoryURL = "https://github.com/TrueMax/iOSIntPackage";
			requirement = {
				branch = imagepublisher;
				kind = branch;
			};
		};
/* End XCRemoteSwiftPackageReference section */

/* Begin XCSwiftPackageProductDependency section */
		5CC2A6F028EC450D00E10BDD /* iOSIntPackage */ = {
			isa = XCSwiftPackageProductDependency;
			package = 5CC2A6EF28EC450D00E10BDD /* XCRemoteSwiftPackageReference "iOSIntPackage" */;
			productName = iOSIntPackage;
		};
/* End XCSwiftPackageProductDependency section */
	};
	rootObject = 5C7D1D7C2847F9A500B71858 /* Project object */;
}
