// !$*UTF8*$!
{
	archiveVersion = 1;
	classes = {
	};
	objectVersion = 55;
	objects = {

/* Begin PBXBuildFile section */
		5C0CD3F128844245001040AA /* ProfileTableHederView.swift in Sources */ = {isa = PBXBuildFile; fileRef = 5C0CD3F028844245001040AA /* ProfileTableHederView.swift */; };
		5C0CD3F3288442FD001040AA /* PostTableViewCell.swift in Sources */ = {isa = PBXBuildFile; fileRef = 5C0CD3F2288442FD001040AA /* PostTableViewCell.swift */; };
		5C7D1D882847F9A500B71858 /* AppDelegate.swift in Sources */ = {isa = PBXBuildFile; fileRef = 5C7D1D872847F9A500B71858 /* AppDelegate.swift */; };
		5C7D1D8A2847F9A500B71858 /* SceneDelegate.swift in Sources */ = {isa = PBXBuildFile; fileRef = 5C7D1D892847F9A500B71858 /* SceneDelegate.swift */; };
		5C7D1D8C2847F9A500B71858 /* ViewController.swift in Sources */ = {isa = PBXBuildFile; fileRef = 5C7D1D8B2847F9A500B71858 /* ViewController.swift */; };
		5C7D1D912847F9A600B71858 /* Assets.xcassets in Resources */ = {isa = PBXBuildFile; fileRef = 5C7D1D902847F9A600B71858 /* Assets.xcassets */; };
		5C7D1D942847F9A600B71858 /* LaunchScreen.storyboard in Resources */ = {isa = PBXBuildFile; fileRef = 5C7D1D922847F9A600B71858 /* LaunchScreen.storyboard */; };
		5C7D1D9C2847FA3D00B71858 /* FeedViewController.swift in Sources */ = {isa = PBXBuildFile; fileRef = 5C7D1D9B2847FA3D00B71858 /* FeedViewController.swift */; };
		5C7D1D9F2847FA7100B71858 /* InfoViewController.swift in Sources */ = {isa = PBXBuildFile; fileRef = 5C7D1D9E2847FA7100B71858 /* InfoViewController.swift */; };
		5C7D1DA12847FA9900B71858 /* Post.swift in Sources */ = {isa = PBXBuildFile; fileRef = 5C7D1DA02847FA9900B71858 /* Post.swift */; };
		5C7D1DA32847FAB600B71858 /* PostViewController.swift in Sources */ = {isa = PBXBuildFile; fileRef = 5C7D1DA22847FAB600B71858 /* PostViewController.swift */; };
		5C7D1DA62847FADB00B71858 /* ProfileViewController.swift in Sources */ = {isa = PBXBuildFile; fileRef = 5C7D1DA52847FADB00B71858 /* ProfileViewController.swift */; };
		5C7D1DAA284802F300B71858 /* LogInViewController.swift in Sources */ = {isa = PBXBuildFile; fileRef = 5C7D1DA9284802F300B71858 /* LogInViewController.swift */; };
		5CA7CA8728A2AF160013249C /* ViewModel.swift in Sources */ = {isa = PBXBuildFile; fileRef = 5CA7CA8628A2AF160013249C /* ViewModel.swift */; };
/* End PBXBuildFile section */

/* Begin PBXFileReference section */
		5C0CD3F028844245001040AA /* ProfileTableHederView.swift */ = {isa = PBXFileReference; lastKnownFileType = sourcecode.swift; path = ProfileTableHederView.swift; sourceTree = "<group>"; };
		5C0CD3F2288442FD001040AA /* PostTableViewCell.swift */ = {isa = PBXFileReference; lastKnownFileType = sourcecode.swift; path = PostTableViewCell.swift; sourceTree = "<group>"; };
		5C7D1D842847F9A500B71858 /* ios-navigation.app */ = {isa = PBXFileReference; explicitFileType = wrapper.application; includeInIndex = 0; path = "ios-navigation.app"; sourceTree = BUILT_PRODUCTS_DIR; };
		5C7D1D872847F9A500B71858 /* AppDelegate.swift */ = {isa = PBXFileReference; lastKnownFileType = sourcecode.swift; path = AppDelegate.swift; sourceTree = "<group>"; };
		5C7D1D892847F9A500B71858 /* SceneDelegate.swift */ = {isa = PBXFileReference; lastKnownFileType = sourcecode.swift; path = SceneDelegate.swift; sourceTree = "<group>"; };
		5C7D1D8B2847F9A500B71858 /* ViewController.swift */ = {isa = PBXFileReference; lastKnownFileType = sourcecode.swift; path = ViewController.swift; sourceTree = "<group>"; };
		5C7D1D902847F9A600B71858 /* Assets.xcassets */ = {isa = PBXFileReference; lastKnownFileType = folder.assetcatalog; path = Assets.xcassets; sourceTree = "<group>"; };
		5C7D1D932847F9A600B71858 /* Base */ = {isa = PBXFileReference; lastKnownFileType = file.storyboard; name = Base; path = Base.lproj/LaunchScreen.storyboard; sourceTree = "<group>"; };
		5C7D1D952847F9A600B71858 /* Info.plist */ = {isa = PBXFileReference; lastKnownFileType = text.plist.xml; path = Info.plist; sourceTree = "<group>"; };
		5C7D1D9B2847FA3D00B71858 /* FeedViewController.swift */ = {isa = PBXFileReference; lastKnownFileType = sourcecode.swift; path = FeedViewController.swift; sourceTree = "<group>"; };
		5C7D1D9E2847FA7100B71858 /* InfoViewController.swift */ = {isa = PBXFileReference; lastKnownFileType = sourcecode.swift; path = InfoViewController.swift; sourceTree = "<group>"; };
		5C7D1DA02847FA9900B71858 /* Post.swift */ = {isa = PBXFileReference; lastKnownFileType = sourcecode.swift; path = Post.swift; sourceTree = "<group>"; };
		5C7D1DA22847FAB600B71858 /* PostViewController.swift */ = {isa = PBXFileReference; lastKnownFileType = sourcecode.swift; path = PostViewController.swift; sourceTree = "<group>"; };
		5C7D1DA52847FADB00B71858 /* ProfileViewController.swift */ = {isa = PBXFileReference; lastKnownFileType = sourcecode.swift; path = ProfileViewController.swift; sourceTree = "<group>"; };
		5C7D1DA9284802F300B71858 /* LogInViewController.swift */ = {isa = PBXFileReference; lastKnownFileType = sourcecode.swift; path = LogInViewController.swift; sourceTree = "<group>"; };
		5CA7CA8628A2AF160013249C /* ViewModel.swift */ = {isa = PBXFileReference; lastKnownFileType = sourcecode.swift; path = ViewModel.swift; sourceTree = "<group>"; };
/* End PBXFileReference section */

/* Begin PBXFrameworksBuildPhase section */
		5C7D1D812847F9A500B71858 /* Frameworks */ = {
			isa = PBXFrameworksBuildPhase;
			buildActionMask = 2147483647;
			files = (
			);
			runOnlyForDeploymentPostprocessing = 0;
		};
/* End PBXFrameworksBuildPhase section */

/* Begin PBXGroup section */
		5C7D1D7B2847F9A500B71858 = {
			isa = PBXGroup;
			children = (
				5C7D1D862847F9A500B71858 /* ios-navigation */,
				5C7D1D852847F9A500B71858 /* Products */,
			);
			sourceTree = "<group>";
		};
		5C7D1D852847F9A500B71858 /* Products */ = {
			isa = PBXGroup;
			children = (
				5C7D1D842847F9A500B71858 /* ios-navigation.app */,
			);
			name = Products;
			sourceTree = "<group>";
		};
		5C7D1D862847F9A500B71858 /* ios-navigation */ = {
			isa = PBXGroup;
			children = (
				5C7D1DA42847FAD100B71858 /* Profile */,
				5C7D1D9D2847FA6600B71858 /* Post */,
				5C7D1D872847F9A500B71858 /* AppDelegate.swift */,
				5C7D1D892847F9A500B71858 /* SceneDelegate.swift */,
				5C7D1D8B2847F9A500B71858 /* ViewController.swift */,
				5C7D1D902847F9A600B71858 /* Assets.xcassets */,
				5C7D1D922847F9A600B71858 /* LaunchScreen.storyboard */,
				5C7D1D952847F9A600B71858 /* Info.plist */,
				5C7D1D9B2847FA3D00B71858 /* FeedViewController.swift */,
			);
			path = "ios-navigation";
			sourceTree = "<group>";
		};
		5C7D1D9D2847FA6600B71858 /* Post */ = {
			isa = PBXGroup;
			children = (
				5C7D1D9E2847FA7100B71858 /* InfoViewController.swift */,
				5C7D1DA02847FA9900B71858 /* Post.swift */,
				5C7D1DA22847FAB600B71858 /* PostViewController.swift */,
				5C0CD3F2288442FD001040AA /* PostTableViewCell.swift */,
				5CA7CA8628A2AF160013249C /* ViewModel.swift */,
			);
			path = Post;
			sourceTree = "<group>";
		};
		5C7D1DA42847FAD100B71858 /* Profile */ = {
			isa = PBXGroup;
			children = (
				5C7D1DA52847FADB00B71858 /* ProfileViewController.swift */,
				5C7D1DA9284802F300B71858 /* LogInViewController.swift */,
				5C0CD3F028844245001040AA /* ProfileTableHederView.swift */,
			);
			path = Profile;
			sourceTree = "<group>";
		};
/* End PBXGroup section */

/* Begin PBXNativeTarget section */
		5C7D1D832847F9A500B71858 /* ios-navigation */ = {
			isa = PBXNativeTarget;
			buildConfigurationList = 5C7D1D982847F9A600B71858 /* Build configuration list for PBXNativeTarget "ios-navigation" */;
			buildPhases = (
				5C7D1D802847F9A500B71858 /* Sources */,
				5C7D1D812847F9A500B71858 /* Frameworks */,
				5C7D1D822847F9A500B71858 /* Resources */,
			);
			buildRules = (
			);
			dependencies = (
			);
			name = "ios-navigation";
			productName = "ios-navigation";
			productReference = 5C7D1D842847F9A500B71858 /* ios-navigation.app */;
			productType = "com.apple.product-type.application";
		};
/* End PBXNativeTarget section */

/* Begin PBXProject section */
		5C7D1D7C2847F9A500B71858 /* Project object */ = {
			isa = PBXProject;
			attributes = {
				BuildIndependentTargetsInParallel = 1;
				LastSwiftUpdateCheck = 1340;
				LastUpgradeCheck = 1340;
				TargetAttributes = {
					5C7D1D832847F9A500B71858 = {
						CreatedOnToolsVersion = 13.4;
					};
				};
			};
			buildConfigurationList = 5C7D1D7F2847F9A500B71858 /* Build configuration list for PBXProject "ios-navigation" */;
			compatibilityVersion = "Xcode 13.0";
			developmentRegion = en;
			hasScannedForEncodings = 0;
			knownRegions = (
				en,
				Base,
			);
			mainGroup = 5C7D1D7B2847F9A500B71858;
			productRefGroup = 5C7D1D852847F9A500B71858 /* Products */;
			projectDirPath = "";
			projectRoot = "";
			targets = (
				5C7D1D832847F9A500B71858 /* ios-navigation */,
			);
		};
/* End PBXProject section */

/* Begin PBXResourcesBuildPhase section */
		5C7D1D822847F9A500B71858 /* Resources */ = {
			isa = PBXResourcesBuildPhase;
			buildActionMask = 2147483647;
			files = (
				5C7D1D942847F9A600B71858 /* LaunchScreen.storyboard in Resources */,
				5C7D1D912847F9A600B71858 /* Assets.xcassets in Resources */,
			);
			runOnlyForDeploymentPostprocessing = 0;
		};
/* End PBXResourcesBuildPhase section */

/* Begin PBXSourcesBuildPhase section */
		5C7D1D802847F9A500B71858 /* Sources */ = {
			isa = PBXSourcesBuildPhase;
			buildActionMask = 2147483647;
			files = (
				5C7D1D8C2847F9A500B71858 /* ViewController.swift in Sources */,
				5C0CD3F128844245001040AA /* ProfileTableHederView.swift in Sources */,
				5C7D1D882847F9A500B71858 /* AppDelegate.swift in Sources */,
				5C7D1DA32847FAB600B71858 /* PostViewController.swift in Sources */,
				5C7D1D9C2847FA3D00B71858 /* FeedViewController.swift in Sources */,
				5C7D1DA12847FA9900B71858 /* Post.swift in Sources */,
				5C7D1D8A2847F9A500B71858 /* SceneDelegate.swift in Sources */,
				5C7D1DA62847FADB00B71858 /* ProfileViewController.swift in Sources */,
				5C7D1DAA284802F300B71858 /* LogInViewController.swift in Sources */,
				5CA7CA8728A2AF160013249C /* ViewModel.swift in Sources */,
				5C7D1D9F2847FA7100B71858 /* InfoViewController.swift in Sources */,
				5C0CD3F3288442FD001040AA /* PostTableViewCell.swift in Sources */,
			);
			runOnlyForDeploymentPostprocessing = 0;
		};
/* End PBXSourcesBuildPhase section */

/* Begin PBXVariantGroup section */
		5C7D1D922847F9A600B71858 /* LaunchScreen.storyboard */ = {
			isa = PBXVariantGroup;
			children = (
				5C7D1D932847F9A600B71858 /* Base */,
			);
			name = LaunchScreen.storyboard;
			sourceTree = "<group>";
		};
/* End PBXVariantGroup section */

/* Begin XCBuildConfiguration section */
		5C7D1D962847F9A600B71858 /* Debug */ = {
			isa = XCBuildConfiguration;
			buildSettings = {
				ALWAYS_SEARCH_USER_PATHS = NO;
				CLANG_ANALYZER_NONNULL = YES;
				CLANG_ANALYZER_NUMBER_OBJECT_CONVERSION = YES_AGGRESSIVE;
				CLANG_CXX_LANGUAGE_STANDARD = "gnu++17";
				CLANG_ENABLE_MODULES = YES;
				CLANG_ENABLE_OBJC_ARC = YES;
				CLANG_ENABLE_OBJC_WEAK = YES;
				CLANG_WARN_BLOCK_CAPTURE_AUTORELEASING = YES;
				CLANG_WARN_BOOL_CONVERSION = YES;
				CLANG_WARN_COMMA = YES;
				CLANG_WARN_CONSTANT_CONVERSION = YES;
				CLANG_WARN_DEPRECATED_OBJC_IMPLEMENTATIONS = YES;
				CLANG_WARN_DIRECT_OBJC_ISA_USAGE = YES_ERROR;
				CLANG_WARN_DOCUMENTATION_COMMENTS = YES;
				CLANG_WARN_EMPTY_BODY = YES;
				CLANG_WARN_ENUM_CONVERSION = YES;
				CLANG_WARN_INFINITE_RECURSION = YES;
				CLANG_WARN_INT_CONVERSION = YES;
				CLANG_WARN_NON_LITERAL_NULL_CONVERSION = YES;
				CLANG_WARN_OBJC_IMPLICIT_RETAIN_SELF = YES;
				CLANG_WARN_OBJC_LITERAL_CONVERSION = YES;
				CLANG_WARN_OBJC_ROOT_CLASS = YES_ERROR;
				CLANG_WARN_QUOTED_INCLUDE_IN_FRAMEWORK_HEADER = YES;
				CLANG_WARN_RANGE_LOOP_ANALYSIS = YES;
				CLANG_WARN_STRICT_PROTOTYPES = YES;
				CLANG_WARN_SUSPICIOUS_MOVE = YES;
				CLANG_WARN_UNGUARDED_AVAILABILITY = YES_AGGRESSIVE;
				CLANG_WARN_UNREACHABLE_CODE = YES;
				CLANG_WARN__DUPLICATE_METHOD_MATCH = YES;
				COPY_PHASE_STRIP = NO;
				DEBUG_INFORMATION_FORMAT = dwarf;
				ENABLE_STRICT_OBJC_MSGSEND = YES;
				ENABLE_TESTABILITY = YES;
				GCC_C_LANGUAGE_STANDARD = gnu11;
				GCC_DYNAMIC_NO_PIC = NO;
				GCC_NO_COMMON_BLOCKS = YES;
				GCC_OPTIMIZATION_LEVEL = 0;
				GCC_PREPROCESSOR_DEFINITIONS = (
					"DEBUG=1",
					"$(inherited)",
				);
				GCC_WARN_64_TO_32_BIT_CONVERSION = YES;
				GCC_WARN_ABOUT_RETURN_TYPE = YES_ERROR;
				GCC_WARN_UNDECLARED_SELECTOR = YES;
				GCC_WARN_UNINITIALIZED_AUTOS = YES_AGGRESSIVE;
				GCC_WARN_UNUSED_FUNCTION = YES;
				GCC_WARN_UNUSED_VARIABLE = YES;
				IPHONEOS_DEPLOYMENT_TARGET = 15.5;
				MTL_ENABLE_DEBUG_INFO = INCLUDE_SOURCE;
				MTL_FAST_MATH = YES;
				ONLY_ACTIVE_ARCH = YES;
				SDKROOT = iphoneos;
				SWIFT_ACTIVE_COMPILATION_CONDITIONS = DEBUG;
				SWIFT_OPTIMIZATION_LEVEL = "-Onone";
			};
			name = Debug;
		};
		5C7D1D972847F9A600B71858 /* Release */ = {
			isa = XCBuildConfiguration;
			buildSettings = {
				ALWAYS_SEARCH_USER_PATHS = NO;
				CLANG_ANALYZER_NONNULL = YES;
				CLANG_ANALYZER_NUMBER_OBJECT_CONVERSION = YES_AGGRESSIVE;
				CLANG_CXX_LANGUAGE_STANDARD = "gnu++17";
				CLANG_ENABLE_MODULES = YES;
				CLANG_ENABLE_OBJC_ARC = YES;
				CLANG_ENABLE_OBJC_WEAK = YES;
				CLANG_WARN_BLOCK_CAPTURE_AUTORELEASING = YES;
				CLANG_WARN_BOOL_CONVERSION = YES;
				CLANG_WARN_COMMA = YES;
				CLANG_WARN_CONSTANT_CONVERSION = YES;
				CLANG_WARN_DEPRECATED_OBJC_IMPLEMENTATIONS = YES;
				CLANG_WARN_DIRECT_OBJC_ISA_USAGE = YES_ERROR;
				CLANG_WARN_DOCUMENTATION_COMMENTS = YES;
				CLANG_WARN_EMPTY_BODY = YES;
				CLANG_WARN_ENUM_CONVERSION = YES;
				CLANG_WARN_INFINITE_RECURSION = YES;
				CLANG_WARN_INT_CONVERSION = YES;
				CLANG_WARN_NON_LITERAL_NULL_CONVERSION = YES;
				CLANG_WARN_OBJC_IMPLICIT_RETAIN_SELF = YES;
				CLANG_WARN_OBJC_LITERAL_CONVERSION = YES;
				CLANG_WARN_OBJC_ROOT_CLASS = YES_ERROR;
				CLANG_WARN_QUOTED_INCLUDE_IN_FRAMEWORK_HEADER = YES;
				CLANG_WARN_RANGE_LOOP_ANALYSIS = YES;
				CLANG_WARN_STRICT_PROTOTYPES = YES;
				CLANG_WARN_SUSPICIOUS_MOVE = YES;
				CLANG_WARN_UNGUARDED_AVAILABILITY = YES_AGGRESSIVE;
				CLANG_WARN_UNREACHABLE_CODE = YES;
				CLANG_WARN__DUPLICATE_METHOD_MATCH = YES;
				COPY_PHASE_STRIP = NO;
				DEBUG_INFORMATION_FORMAT = "dwarf-with-dsym";
				ENABLE_NS_ASSERTIONS = NO;
				ENABLE_STRICT_OBJC_MSGSEND = YES;
				GCC_C_LANGUAGE_STANDARD = gnu11;
				GCC_NO_COMMON_BLOCKS = YES;
				GCC_WARN_64_TO_32_BIT_CONVERSION = YES;
				GCC_WARN_ABOUT_RETURN_TYPE = YES_ERROR;
				GCC_WARN_UNDECLARED_SELECTOR = YES;
				GCC_WARN_UNINITIALIZED_AUTOS = YES_AGGRESSIVE;
				GCC_WARN_UNUSED_FUNCTION = YES;
				GCC_WARN_UNUSED_VARIABLE = YES;
				IPHONEOS_DEPLOYMENT_TARGET = 15.5;
				MTL_ENABLE_DEBUG_INFO = NO;
				MTL_FAST_MATH = YES;
				SDKROOT = iphoneos;
				SWIFT_COMPILATION_MODE = wholemodule;
				SWIFT_OPTIMIZATION_LEVEL = "-O";
				VALIDATE_PRODUCT = YES;
			};
			name = Release;
		};
		5C7D1D992847F9A600B71858 /* Debug */ = {
			isa = XCBuildConfiguration;
			buildSettings = {
				ASSETCATALOG_COMPILER_APPICON_NAME = AppIcon;
				ASSETCATALOG_COMPILER_GLOBAL_ACCENT_COLOR_NAME = AccentColor;
				CODE_SIGN_STYLE = Automatic;
				CURRENT_PROJECT_VERSION = 1;
				DEVELOPMENT_TEAM = 2T7KKKP497;
				GENERATE_INFOPLIST_FILE = YES;
				INFOPLIST_FILE = "ios-navigation/Info.plist";
				INFOPLIST_KEY_UIApplicationSupportsIndirectInputEvents = YES;
				INFOPLIST_KEY_UILaunchStoryboardName = LaunchScreen;
				INFOPLIST_KEY_UISupportedInterfaceOrientations_iPad = "UIInterfaceOrientationPortrait UIInterfaceOrientationPortraitUpsideDown UIInterfaceOrientationLandscapeLeft UIInterfaceOrientationLandscapeRight";
				INFOPLIST_KEY_UISupportedInterfaceOrientations_iPhone = "UIInterfaceOrientationPortrait UIInterfaceOrientationLandscapeLeft UIInterfaceOrientationLandscapeRight";
				LD_RUNPATH_SEARCH_PATHS = (
					"$(inherited)",
					"@executable_path/Frameworks",
				);
				MARKETING_VERSION = 1.0;
				PRODUCT_BUNDLE_IDENTIFIER = "viktorovio.ios-navigation";
				PRODUCT_NAME = "$(TARGET_NAME)";
				SWIFT_EMIT_LOC_STRINGS = YES;
				SWIFT_VERSION = 5.0;
				TARGETED_DEVICE_FAMILY = "1,2";
			};
			name = Debug;
		};
		5C7D1D9A2847F9A600B71858 /* Release */ = {
			isa = XCBuildConfiguration;
			buildSettings = {
				ASSETCATALOG_COMPILER_APPICON_NAME = AppIcon;
				ASSETCATALOG_COMPILER_GLOBAL_ACCENT_COLOR_NAME = AccentColor;
				CODE_SIGN_STYLE = Automatic;
				CURRENT_PROJECT_VERSION = 1;
				DEVELOPMENT_TEAM = 2T7KKKP497;
				GENERATE_INFOPLIST_FILE = YES;
				INFOPLIST_FILE = "ios-navigation/Info.plist";
				INFOPLIST_KEY_UIApplicationSupportsIndirectInputEvents = YES;
				INFOPLIST_KEY_UILaunchStoryboardName = LaunchScreen;
				INFOPLIST_KEY_UISupportedInterfaceOrientations_iPad = "UIInterfaceOrientationPortrait UIInterfaceOrientationPortraitUpsideDown UIInterfaceOrientationLandscapeLeft UIInterfaceOrientationLandscapeRight";
				INFOPLIST_KEY_UISupportedInterfaceOrientations_iPhone = "UIInterfaceOrientationPortrait UIInterfaceOrientationLandscapeLeft UIInterfaceOrientationLandscapeRight";
				LD_RUNPATH_SEARCH_PATHS = (
					"$(inherited)",
					"@executable_path/Frameworks",
				);
				MARKETING_VERSION = 1.0;
				PRODUCT_BUNDLE_IDENTIFIER = "viktorovio.ios-navigation";
				PRODUCT_NAME = "$(TARGET_NAME)";
				SWIFT_EMIT_LOC_STRINGS = YES;
				SWIFT_VERSION = 5.0;
				TARGETED_DEVICE_FAMILY = "1,2";
			};
			name = Release;
		};
/* End XCBuildConfiguration section */

/* Begin XCConfigurationList section */
		5C7D1D7F2847F9A500B71858 /* Build configuration list for PBXProject "ios-navigation" */ = {
			isa = XCConfigurationList;
			buildConfigurations = (
				5C7D1D962847F9A600B71858 /* Debug */,
				5C7D1D972847F9A600B71858 /* Release */,
			);
			defaultConfigurationIsVisible = 0;
			defaultConfigurationName = Release;
		};
		5C7D1D982847F9A600B71858 /* Build configuration list for PBXNativeTarget "ios-navigation" */ = {
			isa = XCConfigurationList;
			buildConfigurations = (
				5C7D1D992847F9A600B71858 /* Debug */,
				5C7D1D9A2847F9A600B71858 /* Release */,
			);
			defaultConfigurationIsVisible = 0;
			defaultConfigurationName = Release;
		};
/* End XCConfigurationList section */
	};
	rootObject = 5C7D1D7C2847F9A500B71858 /* Project object */;
}
